
Microsoft Visual Studio Solution File, Format Version 12.00
# Visual Studio 2013
VisualStudioVersion = 12.0.30723.0
MinimumVisualStudioVersion = 10.0.40219.1
Project("{FAE04EC0-301F-11D3-BF4B-00C04F79EFBC}") = "TP1", "TP1\TP1.csproj", "{96E325B0-E97C-4C99-931E-3AFD7C86F189}"
EndProject
Project("{FAE04EC0-301F-11D3-BF4B-00C04F79EFBC}") = "TP2", "TP2\TP2.csproj", "{3BE2C5FB-B9F6-4F4A-8D38-21ACBA259C70}"
EndProject
Project("{FAE04EC0-301F-11D3-BF4B-00C04F79EFBC}") = "TP3", "TP3\TP3.csproj", "{3A3DA8D0-9E80-4FAC-8069-EB554317BDF9}"
EndProject
Project("{FAE04EC0-301F-11D3-BF4B-00C04F79EFBC}") = "TP4", "TP4\TP4.csproj", "{FB13F7DC-F59C-4A73-A72A-A349269CF30E}"
EndProject
Project("{FAE04EC0-301F-11D3-BF4B-00C04F79EFBC}") = "TP5", "TP5\TP5.csproj", "{F7AB553C-50A4-4EE1-AE48-7185F00B9E62}"
EndProject
Project("{FAE04EC0-301F-11D3-BF4B-00C04F79EFBC}") = "Delegate", "Delegate\Delegate.csproj", "{7723027D-8557-4C76-A0EA-21BEC449B9B8}"
EndProject
Project("{FAE04EC0-301F-11D3-BF4B-00C04F79EFBC}") = "InterfaceVsDelegate", "InterfaceVsDelegate\InterfaceVsDelegate.csproj", "{3CCF4249-B895-4636-9795-FD8151DAA3A7}"
EndProject
Project("{FAE04EC0-301F-11D3-BF4B-00C04F79EFBC}") = "TP6", "TP6\TP6.csproj", "{0CD4F2C1-2AD5-45FF-A7D5-5EB80919A3DB}"
EndProject
Project("{FAE04EC0-301F-11D3-BF4B-00C04F79EFBC}") = "TP7", "TP7\TP7.csproj", "{21076829-C6D2-49C9-919D-BBB3195BCF33}"
EndProject
Project("{FAE04EC0-301F-11D3-BF4B-00C04F79EFBC}") = "Exception", "Exception\Exception.csproj", "{1BD0A909-F642-4348-A276-11D0216E91BA}"
EndProject
Project("{FAE04EC0-301F-11D3-BF4B-00C04F79EFBC}") = "ExtensionMethods", "ExtentionMethods\ExtensionMethods.csproj", "{7C29270D-A537-4654-8602-F7744DA6FDD9}"
EndProject
Project("{FAE04EC0-301F-11D3-BF4B-00C04F79EFBC}") = "Enumerator", "Enumerator\Enumerator.csproj", "{D5D247C3-344B-4E57-818A-64B21FF59518}"
EndProject
Project("{FAE04EC0-301F-11D3-BF4B-00C04F79EFBC}") = "TP8", "TP8\TP8.csproj", "{E00DCA38-C9A6-407F-B9E1-332183E0EE9D}"
EndProject
Project("{FAE04EC0-301F-11D3-BF4B-00C04F79EFBC}") = "Iterator", "Iterator\Iterator.csproj", "{6AE80967-0362-4F72-99C7-8E80A049A2C2}"
EndProject
Project("{FAE04EC0-301F-11D3-BF4B-00C04F79EFBC}") = "TP9", "TP9\TP9.csproj", "{3C9B6CB1-0E3E-454E-833E-9A8C2B0979CD}"
EndProject
Project("{FAE04EC0-301F-11D3-BF4B-00C04F79EFBC}") = "NullableTypes", "NullableTypes\NullableTypes.csproj", "{31B98D89-3724-4144-B8CF-557801DA7829}"
EndProject
Project("{FAE04EC0-301F-11D3-BF4B-00C04F79EFBC}") = "ReactiveProgramming", "ReactiveProgramming\ReactiveProgramming.csproj", "{D3F16DD9-0FBD-494A-A2D4-58B833664FD2}"
EndProject
Project("{FAE04EC0-301F-11D3-BF4B-00C04F79EFBC}") = "DataSet", "DataSet\DataSet.csproj", "{81786C98-B954-4A9C-94A3-CE6ADD9E6117}"
EndProject
Project("{FAE04EC0-301F-11D3-BF4B-00C04F79EFBC}") = "TP10", "TP10\TP10.csproj", "{FE9CB2E4-E3AB-4132-BD89-F9E13FBA6DFF}"
EndProject
Project("{FAE04EC0-301F-11D3-BF4B-00C04F79EFBC}") = "Linq", "Linq\Linq.csproj", "{61AF56AA-9105-473A-9768-8B45CBD1BE62}"
EndProject
Project("{FAE04EC0-301F-11D3-BF4B-00C04F79EFBC}") = "TP11", "TP11\TP11.csproj", "{35E24C5C-E6F2-4AA5-80C5-76E48B2CA9A3}"
EndProject
Project("{FAE04EC0-301F-11D3-BF4B-00C04F79EFBC}") = "DatabaseFirst", "DatabaseFirst\DatabaseFirst.csproj", "{66CBC3E8-9ECF-4B51-BDA6-DAE17CC27D1D}"
EndProject
Project("{FAE04EC0-301F-11D3-BF4B-00C04F79EFBC}") = "ModelFirst", "ModelFirst\ModelFirst.csproj", "{01C19B5A-BF18-4016-8DBA-D393C04FACE4}"
EndProject
Project("{FAE04EC0-301F-11D3-BF4B-00C04F79EFBC}") = "CodeFirst", "CodeFirst\CodeFirst.csproj", "{5C5AD357-CB3D-4B05-A452-6846DD76F3CB}"
EndProject
Global
	GlobalSection(SolutionConfigurationPlatforms) = preSolution
		Debug|Any CPU = Debug|Any CPU
		Release|Any CPU = Release|Any CPU
	EndGlobalSection
	GlobalSection(ProjectConfigurationPlatforms) = postSolution
		{96E325B0-E97C-4C99-931E-3AFD7C86F189}.Debug|Any CPU.ActiveCfg = Debug|Any CPU
		{96E325B0-E97C-4C99-931E-3AFD7C86F189}.Debug|Any CPU.Build.0 = Debug|Any CPU
		{96E325B0-E97C-4C99-931E-3AFD7C86F189}.Release|Any CPU.ActiveCfg = Release|Any CPU
		{96E325B0-E97C-4C99-931E-3AFD7C86F189}.Release|Any CPU.Build.0 = Release|Any CPU
		{3BE2C5FB-B9F6-4F4A-8D38-21ACBA259C70}.Debug|Any CPU.ActiveCfg = Debug|Any CPU
		{3BE2C5FB-B9F6-4F4A-8D38-21ACBA259C70}.Debug|Any CPU.Build.0 = Debug|Any CPU
		{3BE2C5FB-B9F6-4F4A-8D38-21ACBA259C70}.Release|Any CPU.ActiveCfg = Release|Any CPU
		{3BE2C5FB-B9F6-4F4A-8D38-21ACBA259C70}.Release|Any CPU.Build.0 = Release|Any CPU
		{3A3DA8D0-9E80-4FAC-8069-EB554317BDF9}.Debug|Any CPU.ActiveCfg = Debug|Any CPU
		{3A3DA8D0-9E80-4FAC-8069-EB554317BDF9}.Debug|Any CPU.Build.0 = Debug|Any CPU
		{3A3DA8D0-9E80-4FAC-8069-EB554317BDF9}.Release|Any CPU.ActiveCfg = Release|Any CPU
		{3A3DA8D0-9E80-4FAC-8069-EB554317BDF9}.Release|Any CPU.Build.0 = Release|Any CPU
		{FB13F7DC-F59C-4A73-A72A-A349269CF30E}.Debug|Any CPU.ActiveCfg = Debug|Any CPU
		{FB13F7DC-F59C-4A73-A72A-A349269CF30E}.Debug|Any CPU.Build.0 = Debug|Any CPU
		{FB13F7DC-F59C-4A73-A72A-A349269CF30E}.Release|Any CPU.ActiveCfg = Release|Any CPU
		{FB13F7DC-F59C-4A73-A72A-A349269CF30E}.Release|Any CPU.Build.0 = Release|Any CPU
		{F7AB553C-50A4-4EE1-AE48-7185F00B9E62}.Debug|Any CPU.ActiveCfg = Debug|Any CPU
		{F7AB553C-50A4-4EE1-AE48-7185F00B9E62}.Debug|Any CPU.Build.0 = Debug|Any CPU
		{F7AB553C-50A4-4EE1-AE48-7185F00B9E62}.Release|Any CPU.ActiveCfg = Release|Any CPU
		{F7AB553C-50A4-4EE1-AE48-7185F00B9E62}.Release|Any CPU.Build.0 = Release|Any CPU
		{7723027D-8557-4C76-A0EA-21BEC449B9B8}.Debug|Any CPU.ActiveCfg = Debug|Any CPU
		{7723027D-8557-4C76-A0EA-21BEC449B9B8}.Debug|Any CPU.Build.0 = Debug|Any CPU
		{7723027D-8557-4C76-A0EA-21BEC449B9B8}.Release|Any CPU.ActiveCfg = Release|Any CPU
		{7723027D-8557-4C76-A0EA-21BEC449B9B8}.Release|Any CPU.Build.0 = Release|Any CPU
		{3CCF4249-B895-4636-9795-FD8151DAA3A7}.Debug|Any CPU.ActiveCfg = Debug|Any CPU
		{3CCF4249-B895-4636-9795-FD8151DAA3A7}.Debug|Any CPU.Build.0 = Debug|Any CPU
		{3CCF4249-B895-4636-9795-FD8151DAA3A7}.Release|Any CPU.ActiveCfg = Release|Any CPU
		{3CCF4249-B895-4636-9795-FD8151DAA3A7}.Release|Any CPU.Build.0 = Release|Any CPU
		{0CD4F2C1-2AD5-45FF-A7D5-5EB80919A3DB}.Debug|Any CPU.ActiveCfg = Debug|Any CPU
		{0CD4F2C1-2AD5-45FF-A7D5-5EB80919A3DB}.Debug|Any CPU.Build.0 = Debug|Any CPU
		{0CD4F2C1-2AD5-45FF-A7D5-5EB80919A3DB}.Release|Any CPU.ActiveCfg = Release|Any CPU
		{0CD4F2C1-2AD5-45FF-A7D5-5EB80919A3DB}.Release|Any CPU.Build.0 = Release|Any CPU
		{21076829-C6D2-49C9-919D-BBB3195BCF33}.Debug|Any CPU.ActiveCfg = Debug|Any CPU
		{21076829-C6D2-49C9-919D-BBB3195BCF33}.Debug|Any CPU.Build.0 = Debug|Any CPU
		{21076829-C6D2-49C9-919D-BBB3195BCF33}.Release|Any CPU.ActiveCfg = Release|Any CPU
		{21076829-C6D2-49C9-919D-BBB3195BCF33}.Release|Any CPU.Build.0 = Release|Any CPU
		{1BD0A909-F642-4348-A276-11D0216E91BA}.Debug|Any CPU.ActiveCfg = Debug|Any CPU
		{1BD0A909-F642-4348-A276-11D0216E91BA}.Debug|Any CPU.Build.0 = Debug|Any CPU
		{1BD0A909-F642-4348-A276-11D0216E91BA}.Release|Any CPU.ActiveCfg = Release|Any CPU
		{1BD0A909-F642-4348-A276-11D0216E91BA}.Release|Any CPU.Build.0 = Release|Any CPU
		{7C29270D-A537-4654-8602-F7744DA6FDD9}.Debug|Any CPU.ActiveCfg = Debug|Any CPU
		{7C29270D-A537-4654-8602-F7744DA6FDD9}.Debug|Any CPU.Build.0 = Debug|Any CPU
		{7C29270D-A537-4654-8602-F7744DA6FDD9}.Release|Any CPU.ActiveCfg = Release|Any CPU
		{7C29270D-A537-4654-8602-F7744DA6FDD9}.Release|Any CPU.Build.0 = Release|Any CPU
		{D5D247C3-344B-4E57-818A-64B21FF59518}.Debug|Any CPU.ActiveCfg = Debug|Any CPU
		{D5D247C3-344B-4E57-818A-64B21FF59518}.Debug|Any CPU.Build.0 = Debug|Any CPU
		{D5D247C3-344B-4E57-818A-64B21FF59518}.Release|Any CPU.ActiveCfg = Release|Any CPU
		{D5D247C3-344B-4E57-818A-64B21FF59518}.Release|Any CPU.Build.0 = Release|Any CPU
		{E00DCA38-C9A6-407F-B9E1-332183E0EE9D}.Debug|Any CPU.ActiveCfg = Debug|Any CPU
		{E00DCA38-C9A6-407F-B9E1-332183E0EE9D}.Debug|Any CPU.Build.0 = Debug|Any CPU
		{E00DCA38-C9A6-407F-B9E1-332183E0EE9D}.Release|Any CPU.ActiveCfg = Release|Any CPU
		{E00DCA38-C9A6-407F-B9E1-332183E0EE9D}.Release|Any CPU.Build.0 = Release|Any CPU
		{6AE80967-0362-4F72-99C7-8E80A049A2C2}.Debug|Any CPU.ActiveCfg = Debug|Any CPU
		{6AE80967-0362-4F72-99C7-8E80A049A2C2}.Debug|Any CPU.Build.0 = Debug|Any CPU
		{6AE80967-0362-4F72-99C7-8E80A049A2C2}.Release|Any CPU.ActiveCfg = Release|Any CPU
		{6AE80967-0362-4F72-99C7-8E80A049A2C2}.Release|Any CPU.Build.0 = Release|Any CPU
		{3C9B6CB1-0E3E-454E-833E-9A8C2B0979CD}.Debug|Any CPU.ActiveCfg = Debug|Any CPU
		{3C9B6CB1-0E3E-454E-833E-9A8C2B0979CD}.Debug|Any CPU.Build.0 = Debug|Any CPU
		{3C9B6CB1-0E3E-454E-833E-9A8C2B0979CD}.Release|Any CPU.ActiveCfg = Release|Any CPU
		{3C9B6CB1-0E3E-454E-833E-9A8C2B0979CD}.Release|Any CPU.Build.0 = Release|Any CPU
		{31B98D89-3724-4144-B8CF-557801DA7829}.Debug|Any CPU.ActiveCfg = Debug|Any CPU
		{31B98D89-3724-4144-B8CF-557801DA7829}.Debug|Any CPU.Build.0 = Debug|Any CPU
		{31B98D89-3724-4144-B8CF-557801DA7829}.Release|Any CPU.ActiveCfg = Release|Any CPU
		{31B98D89-3724-4144-B8CF-557801DA7829}.Release|Any CPU.Build.0 = Release|Any CPU
		{D3F16DD9-0FBD-494A-A2D4-58B833664FD2}.Debug|Any CPU.ActiveCfg = Debug|Any CPU
		{D3F16DD9-0FBD-494A-A2D4-58B833664FD2}.Debug|Any CPU.Build.0 = Debug|Any CPU
		{D3F16DD9-0FBD-494A-A2D4-58B833664FD2}.Release|Any CPU.ActiveCfg = Release|Any CPU
		{D3F16DD9-0FBD-494A-A2D4-58B833664FD2}.Release|Any CPU.Build.0 = Release|Any CPU
		{81786C98-B954-4A9C-94A3-CE6ADD9E6117}.Debug|Any CPU.ActiveCfg = Debug|Any CPU
		{81786C98-B954-4A9C-94A3-CE6ADD9E6117}.Debug|Any CPU.Build.0 = Debug|Any CPU
		{81786C98-B954-4A9C-94A3-CE6ADD9E6117}.Release|Any CPU.ActiveCfg = Release|Any CPU
		{81786C98-B954-4A9C-94A3-CE6ADD9E6117}.Release|Any CPU.Build.0 = Release|Any CPU
		{FE9CB2E4-E3AB-4132-BD89-F9E13FBA6DFF}.Debug|Any CPU.ActiveCfg = Debug|Any CPU
		{FE9CB2E4-E3AB-4132-BD89-F9E13FBA6DFF}.Debug|Any CPU.Build.0 = Debug|Any CPU
		{FE9CB2E4-E3AB-4132-BD89-F9E13FBA6DFF}.Release|Any CPU.ActiveCfg = Release|Any CPU
		{FE9CB2E4-E3AB-4132-BD89-F9E13FBA6DFF}.Release|Any CPU.Build.0 = Release|Any CPU
		{61AF56AA-9105-473A-9768-8B45CBD1BE62}.Debug|Any CPU.ActiveCfg = Debug|Any CPU
		{61AF56AA-9105-473A-9768-8B45CBD1BE62}.Debug|Any CPU.Build.0 = Debug|Any CPU
		{61AF56AA-9105-473A-9768-8B45CBD1BE62}.Release|Any CPU.ActiveCfg = Release|Any CPU
		{61AF56AA-9105-473A-9768-8B45CBD1BE62}.Release|Any CPU.Build.0 = Release|Any CPU
		{35E24C5C-E6F2-4AA5-80C5-76E48B2CA9A3}.Debug|Any CPU.ActiveCfg = Debug|Any CPU
		{35E24C5C-E6F2-4AA5-80C5-76E48B2CA9A3}.Debug|Any CPU.Build.0 = Debug|Any CPU
		{35E24C5C-E6F2-4AA5-80C5-76E48B2CA9A3}.Release|Any CPU.ActiveCfg = Release|Any CPU
		{35E24C5C-E6F2-4AA5-80C5-76E48B2CA9A3}.Release|Any CPU.Build.0 = Release|Any CPU
		{66CBC3E8-9ECF-4B51-BDA6-DAE17CC27D1D}.Debug|Any CPU.ActiveCfg = Debug|Any CPU
		{66CBC3E8-9ECF-4B51-BDA6-DAE17CC27D1D}.Debug|Any CPU.Build.0 = Debug|Any CPU
		{66CBC3E8-9ECF-4B51-BDA6-DAE17CC27D1D}.Release|Any CPU.ActiveCfg = Release|Any CPU
		{66CBC3E8-9ECF-4B51-BDA6-DAE17CC27D1D}.Release|Any CPU.Build.0 = Release|Any CPU
		{01C19B5A-BF18-4016-8DBA-D393C04FACE4}.Debug|Any CPU.ActiveCfg = Debug|Any CPU
		{01C19B5A-BF18-4016-8DBA-D393C04FACE4}.Debug|Any CPU.Build.0 = Debug|Any CPU
		{01C19B5A-BF18-4016-8DBA-D393C04FACE4}.Release|Any CPU.ActiveCfg = Release|Any CPU
		{01C19B5A-BF18-4016-8DBA-D393C04FACE4}.Release|Any CPU.Build.0 = Release|Any CPU
		{5C5AD357-CB3D-4B05-A452-6846DD76F3CB}.Debug|Any CPU.ActiveCfg = Debug|Any CPU
		{5C5AD357-CB3D-4B05-A452-6846DD76F3CB}.Debug|Any CPU.Build.0 = Debug|Any CPU
		{5C5AD357-CB3D-4B05-A452-6846DD76F3CB}.Release|Any CPU.ActiveCfg = Release|Any CPU
		{5C5AD357-CB3D-4B05-A452-6846DD76F3CB}.Release|Any CPU.Build.0 = Release|Any CPU
	EndGlobalSection
	GlobalSection(SolutionProperties) = preSolution
		HideSolutionNode = FALSE
	EndGlobalSection
EndGlobal
