
Microsoft Visual Studio Solution File, Format Version 12.00
# Visual Studio 2013
VisualStudioVersion = 12.0.30723.0
MinimumVisualStudioVersion = 10.0.40219.1
Project("{FAE04EC0-301F-11D3-BF4B-00C04F79EFBC}") = "TP1", "TP1\TP1.csproj", "{96E325B0-E97C-4C99-931E-3AFD7C86F189}"
EndProject
Project("{FAE04EC0-301F-11D3-BF4B-00C04F79EFBC}") = "TP2", "TP2\TP2.csproj", "{3BE2C5FB-B9F6-4F4A-8D38-21ACBA259C70}"
EndProject
Project("{FAE04EC0-301F-11D3-BF4B-00C04F79EFBC}") = "TP3", "TP3\TP3.csproj", "{3A3DA8D0-9E80-4FAC-8069-EB554317BDF9}"
EndProject
Project("{FAE04EC0-301F-11D3-BF4B-00C04F79EFBC}") = "TP4", "TP4\TP4.csproj", "{FB13F7DC-F59C-4A73-A72A-A349269CF30E}"
EndProject
Global
	GlobalSection(SolutionConfigurationPlatforms) = preSolution
		Debug|Any CPU = Debug|Any CPU
		Release|Any CPU = Release|Any CPU
	EndGlobalSection
	GlobalSection(ProjectConfigurationPlatforms) = postSolution
		{96E325B0-E97C-4C99-931E-3AFD7C86F189}.Debug|Any CPU.ActiveCfg = Debug|Any CPU
		{96E325B0-E97C-4C99-931E-3AFD7C86F189}.Debug|Any CPU.Build.0 = Debug|Any CPU
		{96E325B0-E97C-4C99-931E-3AFD7C86F189}.Release|Any CPU.ActiveCfg = Release|Any CPU
		{96E325B0-E97C-4C99-931E-3AFD7C86F189}.Release|Any CPU.Build.0 = Release|Any CPU
		{3BE2C5FB-B9F6-4F4A-8D38-21ACBA259C70}.Debug|Any CPU.ActiveCfg = Debug|Any CPU
		{3BE2C5FB-B9F6-4F4A-8D38-21ACBA259C70}.Debug|Any CPU.Build.0 = Debug|Any CPU
		{3BE2C5FB-B9F6-4F4A-8D38-21ACBA259C70}.Release|Any CPU.ActiveCfg = Release|Any CPU
		{3BE2C5FB-B9F6-4F4A-8D38-21ACBA259C70}.Release|Any CPU.Build.0 = Release|Any CPU
		{3A3DA8D0-9E80-4FAC-8069-EB554317BDF9}.Debug|Any CPU.ActiveCfg = Debug|Any CPU
		{3A3DA8D0-9E80-4FAC-8069-EB554317BDF9}.Debug|Any CPU.Build.0 = Debug|Any CPU
		{3A3DA8D0-9E80-4FAC-8069-EB554317BDF9}.Release|Any CPU.ActiveCfg = Release|Any CPU
		{3A3DA8D0-9E80-4FAC-8069-EB554317BDF9}.Release|Any CPU.Build.0 = Release|Any CPU
		{FB13F7DC-F59C-4A73-A72A-A349269CF30E}.Debug|Any CPU.ActiveCfg = Debug|Any CPU
		{FB13F7DC-F59C-4A73-A72A-A349269CF30E}.Debug|Any CPU.Build.0 = Debug|Any CPU
		{FB13F7DC-F59C-4A73-A72A-A349269CF30E}.Release|Any CPU.ActiveCfg = Release|Any CPU
		{FB13F7DC-F59C-4A73-A72A-A349269CF30E}.Release|Any CPU.Build.0 = Release|Any CPU
	EndGlobalSection
	GlobalSection(SolutionProperties) = preSolution
		HideSolutionNode = FALSE
	EndGlobalSection
EndGlobal
